// !$*UTF8*$!
{
	archiveVersion = 1;
	classes = {
	};
	objectVersion = 50;
	objects = {

/* Begin PBXBuildFile section */
		B2024C00220334CB0043CAC9 /* CreateEntryViewController.swift in Sources */ = {isa = PBXBuildFile; fileRef = B2024BFF220334CB0043CAC9 /* CreateEntryViewController.swift */; };
		B204B5102200F57F00122BA4 /* EntrysTableViewController.swift in Sources */ = {isa = PBXBuildFile; fileRef = B204B50F2200F57F00122BA4 /* EntrysTableViewController.swift */; };
		B204B5122200F65A00122BA4 /* FullEntryViewController.swift in Sources */ = {isa = PBXBuildFile; fileRef = B204B5112200F65A00122BA4 /* FullEntryViewController.swift */; };
		B2082D3C22032AAF00256A83 /* ServerManager.swift in Sources */ = {isa = PBXBuildFile; fileRef = B2082D3B22032AAF00256A83 /* ServerManager.swift */; };
		B2082D3E22032ACB00256A83 /* Models.swift in Sources */ = {isa = PBXBuildFile; fileRef = B2082D3D22032ACB00256A83 /* Models.swift */; };
		B274CFEB220602F800B4AFC1 /* CustomCell.swift in Sources */ = {isa = PBXBuildFile; fileRef = B274CFEA220602F800B4AFC1 /* CustomCell.swift */; };
		B28F28F42200C97200BCE718 /* AppDelegate.swift in Sources */ = {isa = PBXBuildFile; fileRef = B28F28F32200C97200BCE718 /* AppDelegate.swift */; };
		B28F28F92200C97200BCE718 /* Main.storyboard in Resources */ = {isa = PBXBuildFile; fileRef = B28F28F72200C97200BCE718 /* Main.storyboard */; };
		B28F28FB2200C97700BCE718 /* Assets.xcassets in Resources */ = {isa = PBXBuildFile; fileRef = B28F28FA2200C97700BCE718 /* Assets.xcassets */; };
		B28F28FE2200C97700BCE718 /* LaunchScreen.storyboard in Resources */ = {isa = PBXBuildFile; fileRef = B28F28FC2200C97700BCE718 /* LaunchScreen.storyboard */; };
/* End PBXBuildFile section */

/* Begin PBXFileReference section */
		B2024BFF220334CB0043CAC9 /* CreateEntryViewController.swift */ = {isa = PBXFileReference; lastKnownFileType = sourcecode.swift; path = CreateEntryViewController.swift; sourceTree = "<group>"; };
		B204B50F2200F57F00122BA4 /* EntrysTableViewController.swift */ = {isa = PBXFileReference; lastKnownFileType = sourcecode.swift; path = EntrysTableViewController.swift; sourceTree = "<group>"; };
		B204B5112200F65A00122BA4 /* FullEntryViewController.swift */ = {isa = PBXFileReference; lastKnownFileType = sourcecode.swift; path = FullEntryViewController.swift; sourceTree = "<group>"; };
		B2082D3B22032AAF00256A83 /* ServerManager.swift */ = {isa = PBXFileReference; fileEncoding = 4; lastKnownFileType = sourcecode.swift; path = ServerManager.swift; sourceTree = "<group>"; };
		B2082D3D22032ACB00256A83 /* Models.swift */ = {isa = PBXFileReference; fileEncoding = 4; lastKnownFileType = sourcecode.swift; path = Models.swift; sourceTree = "<group>"; };
		B274CFEA220602F800B4AFC1 /* CustomCell.swift */ = {isa = PBXFileReference; lastKnownFileType = sourcecode.swift; name = CustomCell.swift; path = ../CustomCell.swift; sourceTree = "<group>"; };
		B28F28F02200C97200BCE718 /* iGarderobApp.app */ = {isa = PBXFileReference; explicitFileType = wrapper.application; includeInIndex = 0; path = iGarderobApp.app; sourceTree = BUILT_PRODUCTS_DIR; };
		B28F28F32200C97200BCE718 /* AppDelegate.swift */ = {isa = PBXFileReference; lastKnownFileType = sourcecode.swift; path = AppDelegate.swift; sourceTree = "<group>"; };
		B28F28F82200C97200BCE718 /* Base */ = {isa = PBXFileReference; lastKnownFileType = file.storyboard; name = Base; path = Base.lproj/Main.storyboard; sourceTree = "<group>"; };
		B28F28FA2200C97700BCE718 /* Assets.xcassets */ = {isa = PBXFileReference; lastKnownFileType = folder.assetcatalog; path = Assets.xcassets; sourceTree = "<group>"; };
		B28F28FD2200C97700BCE718 /* Base */ = {isa = PBXFileReference; lastKnownFileType = file.storyboard; name = Base; path = Base.lproj/LaunchScreen.storyboard; sourceTree = "<group>"; };
		B28F28FF2200C97700BCE718 /* Info.plist */ = {isa = PBXFileReference; lastKnownFileType = text.plist.xml; path = Info.plist; sourceTree = "<group>"; };
/* End PBXFileReference section */

/* Begin PBXFrameworksBuildPhase section */
		B28F28ED2200C97200BCE718 /* Frameworks */ = {
			isa = PBXFrameworksBuildPhase;
			buildActionMask = 2147483647;
			files = (
			);
			runOnlyForDeploymentPostprocessing = 0;
		};
/* End PBXFrameworksBuildPhase section */

/* Begin PBXGroup section */
		B28F28E72200C97100BCE718 = {
			isa = PBXGroup;
			children = (
				B28F28F22200C97200BCE718 /* iGarderobApp */,
				B28F28F12200C97200BCE718 /* Products */,
			);
			sourceTree = "<group>";
		};
		B28F28F12200C97200BCE718 /* Products */ = {
			isa = PBXGroup;
			children = (
				B28F28F02200C97200BCE718 /* iGarderobApp.app */,
			);
			name = Products;
			sourceTree = "<group>";
		};
		B28F28F22200C97200BCE718 /* iGarderobApp */ = {
			isa = PBXGroup;
			children = (
				B274CFEA220602F800B4AFC1 /* CustomCell.swift */,
				B2082D3D22032ACB00256A83 /* Models.swift */,
				B2082D3B22032AAF00256A83 /* ServerManager.swift */,
				B204B50F2200F57F00122BA4 /* EntrysTableViewController.swift */,
				B204B5112200F65A00122BA4 /* FullEntryViewController.swift */,
				B28F28F32200C97200BCE718 /* AppDelegate.swift */,
				B2024BFF220334CB0043CAC9 /* CreateEntryViewController.swift */,
				B28F28F72200C97200BCE718 /* Main.storyboard */,
				B28F28FA2200C97700BCE718 /* Assets.xcassets */,
				B28F28FC2200C97700BCE718 /* LaunchScreen.storyboard */,
				B28F28FF2200C97700BCE718 /* Info.plist */,
			);
			path = iGarderobApp;
			sourceTree = "<group>";
		};
/* End PBXGroup section */

/* Begin PBXNativeTarget section */
		B28F28EF2200C97200BCE718 /* iGarderobApp */ = {
			isa = PBXNativeTarget;
			buildConfigurationList = B28F29022200C97700BCE718 /* Build configuration list for PBXNativeTarget "iGarderobApp" */;
			buildPhases = (
				B28F28EC2200C97200BCE718 /* Sources */,
				B28F28ED2200C97200BCE718 /* Frameworks */,
				B28F28EE2200C97200BCE718 /* Resources */,
			);
			buildRules = (
			);
			dependencies = (
			);
			name = iGarderobApp;
			productName = iGarderobApp;
			productReference = B28F28F02200C97200BCE718 /* iGarderobApp.app */;
			productType = "com.apple.product-type.application";
		};
/* End PBXNativeTarget section */

/* Begin PBXProject section */
		B28F28E82200C97100BCE718 /* Project object */ = {
			isa = PBXProject;
			attributes = {
				LastSwiftUpdateCheck = 1010;
				LastUpgradeCheck = 1010;
				ORGANIZATIONNAME = "Paronkin Pavel";
				TargetAttributes = {
					B28F28EF2200C97200BCE718 = {
						CreatedOnToolsVersion = 10.1;
					};
				};
			};
			buildConfigurationList = B28F28EB2200C97100BCE718 /* Build configuration list for PBXProject "iGarderobApp" */;
			compatibilityVersion = "Xcode 9.3";
			developmentRegion = en;
			hasScannedForEncodings = 0;
			knownRegions = (
				en,
				Base,
			);
			mainGroup = B28F28E72200C97100BCE718;
			productRefGroup = B28F28F12200C97200BCE718 /* Products */;
			projectDirPath = "";
			projectRoot = "";
			targets = (
				B28F28EF2200C97200BCE718 /* iGarderobApp */,
			);
		};
/* End PBXProject section */

/* Begin PBXResourcesBuildPhase section */
		B28F28EE2200C97200BCE718 /* Resources */ = {
			isa = PBXResourcesBuildPhase;
			buildActionMask = 2147483647;
			files = (
				B28F28FE2200C97700BCE718 /* LaunchScreen.storyboard in Resources */,
				B28F28FB2200C97700BCE718 /* Assets.xcassets in Resources */,
				B28F28F92200C97200BCE718 /* Main.storyboard in Resources */,
			);
			runOnlyForDeploymentPostprocessing = 0;
		};
/* End PBXResourcesBuildPhase section */

/* Begin PBXSourcesBuildPhase section */
		B28F28EC2200C97200BCE718 /* Sources */ = {
			isa = PBXSourcesBuildPhase;
			buildActionMask = 2147483647;
			files = (
				B204B5122200F65A00122BA4 /* FullEntryViewController.swift in Sources */,
				B204B5102200F57F00122BA4 /* EntrysTableViewController.swift in Sources */,
				B2024C00220334CB0043CAC9 /* CreateEntryViewController.swift in Sources */,
				B2082D3C22032AAF00256A83 /* ServerManager.swift in Sources */,
				B28F28F42200C97200BCE718 /* AppDelegate.swift in Sources */,
				B274CFEB220602F800B4AFC1 /* CustomCell.swift in Sources */,
				B2082D3E22032ACB00256A83 /* Models.swift in Sources */,
			);
			runOnlyForDeploymentPostprocessing = 0;
		};
/* End PBXSourcesBuildPhase section */

/* Begin PBXVariantGroup section */
		B28F28F72200C97200BCE718 /* Main.storyboard */ = {
			isa = PBXVariantGroup;
			children = (
				B28F28F82200C97200BCE718 /* Base */,
			);
			name = Main.storyboard;
			sourceTree = "<group>";
		};
		B28F28FC2200C97700BCE718 /* LaunchScreen.storyboard */ = {
			isa = PBXVariantGroup;
			children = (
				B28F28FD2200C97700BCE718 /* Base */,
			);
			name = LaunchScreen.storyboard;
			sourceTree = "<group>";
		};
/* End PBXVariantGroup section */

/* Begin XCBuildConfiguration section */
		B28F29002200C97700BCE718 /* Debug */ = {
			isa = XCBuildConfiguration;
			buildSettings = {
				ALWAYS_SEARCH_USER_PATHS = NO;
				CLANG_ANALYZER_NONNULL = YES;
				CLANG_ANALYZER_NUMBER_OBJECT_CONVERSION = YES_AGGRESSIVE;
				CLANG_CXX_LANGUAGE_STANDARD = "gnu++14";
				CLANG_CXX_LIBRARY = "libc++";
				CLANG_ENABLE_MODULES = YES;
				CLANG_ENABLE_OBJC_ARC = YES;
				CLANG_ENABLE_OBJC_WEAK = YES;
				CLANG_WARN_BLOCK_CAPTURE_AUTORELEASING = YES;
				CLANG_WARN_BOOL_CONVERSION = YES;
				CLANG_WARN_COMMA = YES;
				CLANG_WARN_CONSTANT_CONVERSION = YES;
				CLANG_WARN_DEPRECATED_OBJC_IMPLEMENTATIONS = YES;
				CLANG_WARN_DIRECT_OBJC_ISA_USAGE = YES_ERROR;
				CLANG_WARN_DOCUMENTATION_COMMENTS = YES;
				CLANG_WARN_EMPTY_BODY = YES;
				CLANG_WARN_ENUM_CONVERSION = YES;
				CLANG_WARN_INFINITE_RECURSION = YES;
				CLANG_WARN_INT_CONVERSION = YES;
				CLANG_WARN_NON_LITERAL_NULL_CONVERSION = YES;
				CLANG_WARN_OBJC_IMPLICIT_RETAIN_SELF = YES;
				CLANG_WARN_OBJC_LITERAL_CONVERSION = YES;
				CLANG_WARN_OBJC_ROOT_CLASS = YES_ERROR;
				CLANG_WARN_RANGE_LOOP_ANALYSIS = YES;
				CLANG_WARN_STRICT_PROTOTYPES = YES;
				CLANG_WARN_SUSPICIOUS_MOVE = YES;
				CLANG_WARN_UNGUARDED_AVAILABILITY = YES_AGGRESSIVE;
				CLANG_WARN_UNREACHABLE_CODE = YES;
				CLANG_WARN__DUPLICATE_METHOD_MATCH = YES;
				CODE_SIGN_IDENTITY = "iPhone Developer";
				COPY_PHASE_STRIP = NO;
				DEBUG_INFORMATION_FORMAT = dwarf;
				ENABLE_STRICT_OBJC_MSGSEND = YES;
				ENABLE_TESTABILITY = YES;
				GCC_C_LANGUAGE_STANDARD = gnu11;
				GCC_DYNAMIC_NO_PIC = NO;
				GCC_NO_COMMON_BLOCKS = YES;
				GCC_OPTIMIZATION_LEVEL = 0;
				GCC_PREPROCESSOR_DEFINITIONS = (
					"DEBUG=1",
					"$(inherited)",
				);
				GCC_WARN_64_TO_32_BIT_CONVERSION = YES;
				GCC_WARN_ABOUT_RETURN_TYPE = YES_ERROR;
				GCC_WARN_UNDECLARED_SELECTOR = YES;
				GCC_WARN_UNINITIALIZED_AUTOS = YES_AGGRESSIVE;
				GCC_WARN_UNUSED_FUNCTION = YES;
				GCC_WARN_UNUSED_VARIABLE = YES;
				IPHONEOS_DEPLOYMENT_TARGET = 12.1;
				MTL_ENABLE_DEBUG_INFO = INCLUDE_SOURCE;
				MTL_FAST_MATH = YES;
				ONLY_ACTIVE_ARCH = YES;
				SDKROOT = iphoneos;
				SWIFT_ACTIVE_COMPILATION_CONDITIONS = DEBUG;
				SWIFT_OPTIMIZATION_LEVEL = "-Onone";
			};
			name = Debug;
		};
		B28F29012200C97700BCE718 /* Release */ = {
			isa = XCBuildConfiguration;
			buildSettings = {
				ALWAYS_SEARCH_USER_PATHS = NO;
				CLANG_ANALYZER_NONNULL = YES;
				CLANG_ANALYZER_NUMBER_OBJECT_CONVERSION = YES_AGGRESSIVE;
				CLANG_CXX_LANGUAGE_STANDARD = "gnu++14";
				CLANG_CXX_LIBRARY = "libc++";
				CLANG_ENABLE_MODULES = YES;
				CLANG_ENABLE_OBJC_ARC = YES;
				CLANG_ENABLE_OBJC_WEAK = YES;
				CLANG_WARN_BLOCK_CAPTURE_AUTORELEASING = YES;
				CLANG_WARN_BOOL_CONVERSION = YES;
				CLANG_WARN_COMMA = YES;
				CLANG_WARN_CONSTANT_CONVERSION = YES;
				CLANG_WARN_DEPRECATED_OBJC_IMPLEMENTATIONS = YES;
				CLANG_WARN_DIRECT_OBJC_ISA_USAGE = YES_ERROR;
				CLANG_WARN_DOCUMENTATION_COMMENTS = YES;
				CLANG_WARN_EMPTY_BODY = YES;
				CLANG_WARN_ENUM_CONVERSION = YES;
				CLANG_WARN_INFINITE_RECURSION = YES;
				CLANG_WARN_INT_CONVERSION = YES;
				CLANG_WARN_NON_LITERAL_NULL_CONVERSION = YES;
				CLANG_WARN_OBJC_IMPLICIT_RETAIN_SELF = YES;
				CLANG_WARN_OBJC_LITERAL_CONVERSION = YES;
				CLANG_WARN_OBJC_ROOT_CLASS = YES_ERROR;
				CLANG_WARN_RANGE_LOOP_ANALYSIS = YES;
				CLANG_WARN_STRICT_PROTOTYPES = YES;
				CLANG_WARN_SUSPICIOUS_MOVE = YES;
				CLANG_WARN_UNGUARDED_AVAILABILITY = YES_AGGRESSIVE;
				CLANG_WARN_UNREACHABLE_CODE = YES;
				CLANG_WARN__DUPLICATE_METHOD_MATCH = YES;
				CODE_SIGN_IDENTITY = "iPhone Developer";
				COPY_PHASE_STRIP = NO;
				DEBUG_INFORMATION_FORMAT = "dwarf-with-dsym";
				ENABLE_NS_ASSERTIONS = NO;
				ENABLE_STRICT_OBJC_MSGSEND = YES;
				GCC_C_LANGUAGE_STANDARD = gnu11;
				GCC_NO_COMMON_BLOCKS = YES;
				GCC_WARN_64_TO_32_BIT_CONVERSION = YES;
				GCC_WARN_ABOUT_RETURN_TYPE = YES_ERROR;
				GCC_WARN_UNDECLARED_SELECTOR = YES;
				GCC_WARN_UNINITIALIZED_AUTOS = YES_AGGRESSIVE;
				GCC_WARN_UNUSED_FUNCTION = YES;
				GCC_WARN_UNUSED_VARIABLE = YES;
				IPHONEOS_DEPLOYMENT_TARGET = 12.1;
				MTL_ENABLE_DEBUG_INFO = NO;
				MTL_FAST_MATH = YES;
				SDKROOT = iphoneos;
				SWIFT_COMPILATION_MODE = wholemodule;
				SWIFT_OPTIMIZATION_LEVEL = "-O";
				VALIDATE_PRODUCT = YES;
			};
			name = Release;
		};
		B28F29032200C97700BCE718 /* Debug */ = {
			isa = XCBuildConfiguration;
			buildSettings = {
				ASSETCATALOG_COMPILER_APPICON_NAME = AppIcon;
				CODE_SIGN_STYLE = Automatic;
				INFOPLIST_FILE = iGarderobApp/Info.plist;
				LD_RUNPATH_SEARCH_PATHS = (
					"$(inherited)",
					"@executable_path/Frameworks",
				);
				PRODUCT_BUNDLE_IDENTIFIER = Paronkin.iGarderobApp;
				PRODUCT_NAME = "$(TARGET_NAME)";
				SWIFT_VERSION = 4.2;
				TARGETED_DEVICE_FAMILY = "1,2";
			};
			name = Debug;
		};
		B28F29042200C97700BCE718 /* Release */ = {
			isa = XCBuildConfiguration;
			buildSettings = {
				ASSETCATALOG_COMPILER_APPICON_NAME = AppIcon;
				CODE_SIGN_STYLE = Automatic;
				INFOPLIST_FILE = iGarderobApp/Info.plist;
				LD_RUNPATH_SEARCH_PATHS = (
					"$(inherited)",
					"@executable_path/Frameworks",
				);
				PRODUCT_BUNDLE_IDENTIFIER = Paronkin.iGarderobApp;
				PRODUCT_NAME = "$(TARGET_NAME)";
				SWIFT_VERSION = 4.2;
				TARGETED_DEVICE_FAMILY = "1,2";
			};
			name = Release;
		};
/* End XCBuildConfiguration section */

/* Begin XCConfigurationList section */
		B28F28EB2200C97100BCE718 /* Build configuration list for PBXProject "iGarderobApp" */ = {
			isa = XCConfigurationList;
			buildConfigurations = (
				B28F29002200C97700BCE718 /* Debug */,
				B28F29012200C97700BCE718 /* Release */,
			);
			defaultConfigurationIsVisible = 0;
			defaultConfigurationName = Release;
		};
		B28F29022200C97700BCE718 /* Build configuration list for PBXNativeTarget "iGarderobApp" */ = {
			isa = XCConfigurationList;
			buildConfigurations = (
				B28F29032200C97700BCE718 /* Debug */,
				B28F29042200C97700BCE718 /* Release */,
			);
			defaultConfigurationIsVisible = 0;
			defaultConfigurationName = Release;
		};
/* End XCConfigurationList section */
	};
	rootObject = B28F28E82200C97100BCE718 /* Project object */;
}
